
Microsoft Visual Studio Solution File, Format Version 12.00
# Visual Studio Version 17
VisualStudioVersion = 17.4.33213.308
MinimumVisualStudioVersion = 10.0.40219.1
Project("{FAE04EC0-301F-11D3-BF4B-00C04F79EFBC}") = "PesquisarProdutos", "PesquisarProdutos.csproj", "{0D2D8747-A4EC-46EB-9615-2A54813231CA}"
EndProject
Global
	GlobalSection(SolutionConfigurationPlatforms) = preSolution
		Debug|Any CPU = Debug|Any CPU
		Release|Any CPU = Release|Any CPU
	EndGlobalSection
	GlobalSection(ProjectConfigurationPlatforms) = postSolution
		{0D2D8747-A4EC-46EB-9615-2A54813231CA}.Debug|Any CPU.ActiveCfg = Debug|Any CPU
		{0D2D8747-A4EC-46EB-9615-2A54813231CA}.Debug|Any CPU.Build.0 = Debug|Any CPU
		{0D2D8747-A4EC-46EB-9615-2A54813231CA}.Release|Any CPU.ActiveCfg = Release|Any CPU
		{0D2D8747-A4EC-46EB-9615-2A54813231CA}.Release|Any CPU.Build.0 = Release|Any CPU
	EndGlobalSection
	GlobalSection(SolutionProperties) = preSolution
		HideSolutionNode = FALSE
	EndGlobalSection
	GlobalSection(ExtensibilityGlobals) = postSolution
		SolutionGuid = {97E5321D-BB2F-47D0-8D4A-5279F52DC7C7}
	EndGlobalSection
EndGlobal
